// !$*UTF8*$!
{
	archiveVersion = 1;
	classes = {
	};
	objectVersion = 46;
	objects = {

/* Begin PBXBuildFile section */
		6C29B3611E209D77009F6C6B /* main.m in Sources */ = {isa = PBXBuildFile; fileRef = 6C29B3601E209D77009F6C6B /* main.m */; };
		6C29B3641E209D77009F6C6B /* AppDelegate.m in Sources */ = {isa = PBXBuildFile; fileRef = 6C29B3631E209D77009F6C6B /* AppDelegate.m */; };
		6C29B3671E209D77009F6C6B /* ViewController.m in Sources */ = {isa = PBXBuildFile; fileRef = 6C29B3661E209D77009F6C6B /* ViewController.m */; };
		6C29B36A1E209D77009F6C6B /* Main.storyboard in Resources */ = {isa = PBXBuildFile; fileRef = 6C29B3681E209D77009F6C6B /* Main.storyboard */; };
		6C29B36C1E209D77009F6C6B /* Assets.xcassets in Resources */ = {isa = PBXBuildFile; fileRef = 6C29B36B1E209D77009F6C6B /* Assets.xcassets */; };
		6C29B36F1E209D77009F6C6B /* LaunchScreen.storyboard in Resources */ = {isa = PBXBuildFile; fileRef = 6C29B36D1E209D77009F6C6B /* LaunchScreen.storyboard */; };
		6C29B3781E209DAB009F6C6B /* RXJS1ViewController.m in Sources */ = {isa = PBXBuildFile; fileRef = 6C29B3771E209DAB009F6C6B /* RXJS1ViewController.m */; };
		6C29B37B1E209DDA009F6C6B /* RXRequstHtmlViewController.m in Sources */ = {isa = PBXBuildFile; fileRef = 6C29B37A1E209DDA009F6C6B /* RXRequstHtmlViewController.m */; };
		6C29B37E1E209DF0009F6C6B /* RXJSToHtmlViewController.m in Sources */ = {isa = PBXBuildFile; fileRef = 6C29B37D1E209DF0009F6C6B /* RXJSToHtmlViewController.m */; };
		6C29B3811E209E1C009F6C6B /* RXWebViewController.m in Sources */ = {isa = PBXBuildFile; fileRef = 6C29B3801E209E1C009F6C6B /* RXWebViewController.m */; };
		6C29B3841E20A172009F6C6B /* JavaScriptCore.framework in Frameworks */ = {isa = PBXBuildFile; fileRef = 6C29B3831E20A172009F6C6B /* JavaScriptCore.framework */; };
		6C793F581E4D90E800525B33 /* RXWXWebJSViewController.m in Sources */ = {isa = PBXBuildFile; fileRef = 6C793F571E4D90E800525B33 /* RXWXWebJSViewController.m */; };
		6C793F5A1E4D910A00525B33 /* WebKit.framework in Frameworks */ = {isa = PBXBuildFile; fileRef = 6C793F591E4D910A00525B33 /* WebKit.framework */; settings = {ATTRIBUTES = (Weak, ); }; };
		6C793F5E1E4DA04F00525B33 /* RXWXWebHtml.html in Resources */ = {isa = PBXBuildFile; fileRef = 6C793F5D1E4DA04F00525B33 /* RXWXWebHtml.html */; };
		6CB356471E233469004460D6 /* RXJSToHtmlBlockViewController.m in Sources */ = {isa = PBXBuildFile; fileRef = 6CB356461E233469004460D6 /* RXJSToHtmlBlockViewController.m */; };
		6CB3564D1E233BEB004460D6 /* RXRequst.html in Resources */ = {isa = PBXBuildFile; fileRef = 6CB3564C1E233BEB004460D6 /* RXRequst.html */; };
		6CB3564F1E233BF9004460D6 /* RXJSToHtml.html in Resources */ = {isa = PBXBuildFile; fileRef = 6CB3564E1E233BF9004460D6 /* RXJSToHtml.html */; };
		6CB356511E233C18004460D6 /* RXJSToHtmlBlock.html in Resources */ = {isa = PBXBuildFile; fileRef = 6CB356501E233C18004460D6 /* RXJSToHtmlBlock.html */; };
		6CB356531E233C56004460D6 /* RXJS1HTML.html in Resources */ = {isa = PBXBuildFile; fileRef = 6CB356521E233C56004460D6 /* RXJS1HTML.html */; };
/* End PBXBuildFile section */

/* Begin PBXFileReference section */
		6C29B35C1E209D77009F6C6B /* RXJavaScriptDemo.app */ = {isa = PBXFileReference; explicitFileType = wrapper.application; includeInIndex = 0; path = RXJavaScriptDemo.app; sourceTree = BUILT_PRODUCTS_DIR; };
		6C29B3601E209D77009F6C6B /* main.m */ = {isa = PBXFileReference; lastKnownFileType = sourcecode.c.objc; path = main.m; sourceTree = "<group>"; };
		6C29B3621E209D77009F6C6B /* AppDelegate.h */ = {isa = PBXFileReference; lastKnownFileType = sourcecode.c.h; path = AppDelegate.h; sourceTree = "<group>"; };
		6C29B3631E209D77009F6C6B /* AppDelegate.m */ = {isa = PBXFileReference; lastKnownFileType = sourcecode.c.objc; path = AppDelegate.m; sourceTree = "<group>"; };
		6C29B3651E209D77009F6C6B /* ViewController.h */ = {isa = PBXFileReference; lastKnownFileType = sourcecode.c.h; path = ViewController.h; sourceTree = "<group>"; };
		6C29B3661E209D77009F6C6B /* ViewController.m */ = {isa = PBXFileReference; lastKnownFileType = sourcecode.c.objc; path = ViewController.m; sourceTree = "<group>"; };
		6C29B3691E209D77009F6C6B /* Base */ = {isa = PBXFileReference; lastKnownFileType = file.storyboard; name = Base; path = Base.lproj/Main.storyboard; sourceTree = "<group>"; };
		6C29B36B1E209D77009F6C6B /* Assets.xcassets */ = {isa = PBXFileReference; lastKnownFileType = folder.assetcatalog; path = Assets.xcassets; sourceTree = "<group>"; };
		6C29B36E1E209D77009F6C6B /* Base */ = {isa = PBXFileReference; lastKnownFileType = file.storyboard; name = Base; path = Base.lproj/LaunchScreen.storyboard; sourceTree = "<group>"; };
		6C29B3701E209D77009F6C6B /* Info.plist */ = {isa = PBXFileReference; lastKnownFileType = text.plist.xml; path = Info.plist; sourceTree = "<group>"; };
		6C29B3761E209DAB009F6C6B /* RXJS1ViewController.h */ = {isa = PBXFileReference; fileEncoding = 4; lastKnownFileType = sourcecode.c.h; path = RXJS1ViewController.h; sourceTree = "<group>"; };
		6C29B3771E209DAB009F6C6B /* RXJS1ViewController.m */ = {isa = PBXFileReference; fileEncoding = 4; lastKnownFileType = sourcecode.c.objc; path = RXJS1ViewController.m; sourceTree = "<group>"; };
		6C29B3791E209DDA009F6C6B /* RXRequstHtmlViewController.h */ = {isa = PBXFileReference; fileEncoding = 4; lastKnownFileType = sourcecode.c.h; path = RXRequstHtmlViewController.h; sourceTree = "<group>"; };
		6C29B37A1E209DDA009F6C6B /* RXRequstHtmlViewController.m */ = {isa = PBXFileReference; fileEncoding = 4; lastKnownFileType = sourcecode.c.objc; path = RXRequstHtmlViewController.m; sourceTree = "<group>"; };
		6C29B37C1E209DF0009F6C6B /* RXJSToHtmlViewController.h */ = {isa = PBXFileReference; fileEncoding = 4; lastKnownFileType = sourcecode.c.h; path = RXJSToHtmlViewController.h; sourceTree = "<group>"; };
		6C29B37D1E209DF0009F6C6B /* RXJSToHtmlViewController.m */ = {isa = PBXFileReference; fileEncoding = 4; lastKnownFileType = sourcecode.c.objc; path = RXJSToHtmlViewController.m; sourceTree = "<group>"; };
		6C29B37F1E209E1C009F6C6B /* RXWebViewController.h */ = {isa = PBXFileReference; fileEncoding = 4; lastKnownFileType = sourcecode.c.h; path = RXWebViewController.h; sourceTree = "<group>"; };
		6C29B3801E209E1C009F6C6B /* RXWebViewController.m */ = {isa = PBXFileReference; fileEncoding = 4; lastKnownFileType = sourcecode.c.objc; path = RXWebViewController.m; sourceTree = "<group>"; };
		6C29B3831E20A172009F6C6B /* JavaScriptCore.framework */ = {isa = PBXFileReference; lastKnownFileType = wrapper.framework; name = JavaScriptCore.framework; path = System/Library/Frameworks/JavaScriptCore.framework; sourceTree = SDKROOT; };
		6C793F561E4D90E800525B33 /* RXWXWebJSViewController.h */ = {isa = PBXFileReference; fileEncoding = 4; lastKnownFileType = sourcecode.c.h; path = RXWXWebJSViewController.h; sourceTree = "<group>"; };
		6C793F571E4D90E800525B33 /* RXWXWebJSViewController.m */ = {isa = PBXFileReference; fileEncoding = 4; lastKnownFileType = sourcecode.c.objc; path = RXWXWebJSViewController.m; sourceTree = "<group>"; };
		6C793F591E4D910A00525B33 /* WebKit.framework */ = {isa = PBXFileReference; lastKnownFileType = wrapper.framework; name = WebKit.framework; path = System/Library/Frameworks/WebKit.framework; sourceTree = SDKROOT; };
		6C793F5D1E4DA04F00525B33 /* RXWXWebHtml.html */ = {isa = PBXFileReference; fileEncoding = 4; lastKnownFileType = text.html; path = RXWXWebHtml.html; sourceTree = "<group>"; };
		6CB356451E233469004460D6 /* RXJSToHtmlBlockViewController.h */ = {isa = PBXFileReference; fileEncoding = 4; lastKnownFileType = sourcecode.c.h; path = RXJSToHtmlBlockViewController.h; sourceTree = "<group>"; };
		6CB356461E233469004460D6 /* RXJSToHtmlBlockViewController.m */ = {isa = PBXFileReference; fileEncoding = 4; lastKnownFileType = sourcecode.c.objc; path = RXJSToHtmlBlockViewController.m; sourceTree = "<group>"; };
		6CB3564C1E233BEB004460D6 /* RXRequst.html */ = {isa = PBXFileReference; fileEncoding = 4; lastKnownFileType = text.html; path = RXRequst.html; sourceTree = "<group>"; };
		6CB3564E1E233BF9004460D6 /* RXJSToHtml.html */ = {isa = PBXFileReference; fileEncoding = 4; lastKnownFileType = text.html; path = RXJSToHtml.html; sourceTree = "<group>"; };
		6CB356501E233C18004460D6 /* RXJSToHtmlBlock.html */ = {isa = PBXFileReference; fileEncoding = 4; lastKnownFileType = text.html; path = RXJSToHtmlBlock.html; sourceTree = "<group>"; };
		6CB356521E233C56004460D6 /* RXJS1HTML.html */ = {isa = PBXFileReference; fileEncoding = 4; lastKnownFileType = text.html; path = RXJS1HTML.html; sourceTree = "<group>"; };
/* End PBXFileReference section */

/* Begin PBXFrameworksBuildPhase section */
		6C29B3591E209D77009F6C6B /* Frameworks */ = {
			isa = PBXFrameworksBuildPhase;
			buildActionMask = 2147483647;
			files = (
				6C793F5A1E4D910A00525B33 /* WebKit.framework in Frameworks */,
				6C29B3841E20A172009F6C6B /* JavaScriptCore.framework in Frameworks */,
			);
			runOnlyForDeploymentPostprocessing = 0;
		};
/* End PBXFrameworksBuildPhase section */

/* Begin PBXGroup section */
		6C29B3531E209D77009F6C6B = {
			isa = PBXGroup;
			children = (
				6CB356491E233B64004460D6 /* HTML */,
				6C29B35E1E209D77009F6C6B /* RXJavaScriptDemo */,
				6C29B3821E20A167009F6C6B /* Frameworks */,
				6C29B35D1E209D77009F6C6B /* Products */,
			);
			sourceTree = "<group>";
		};
		6C29B35D1E209D77009F6C6B /* Products */ = {
			isa = PBXGroup;
			children = (
				6C29B35C1E209D77009F6C6B /* RXJavaScriptDemo.app */,
			);
			name = Products;
			sourceTree = "<group>";
		};
		6C29B35E1E209D77009F6C6B /* RXJavaScriptDemo */ = {
			isa = PBXGroup;
			children = (
				6C29B3621E209D77009F6C6B /* AppDelegate.h */,
				6C29B3631E209D77009F6C6B /* AppDelegate.m */,
				6C29B3651E209D77009F6C6B /* ViewController.h */,
				6C29B3661E209D77009F6C6B /* ViewController.m */,
				6C29B3681E209D77009F6C6B /* Main.storyboard */,
				6C29B37F1E209E1C009F6C6B /* RXWebViewController.h */,
				6C29B3801E209E1C009F6C6B /* RXWebViewController.m */,
				6C29B3761E209DAB009F6C6B /* RXJS1ViewController.h */,
				6C29B3771E209DAB009F6C6B /* RXJS1ViewController.m */,
				6C29B3791E209DDA009F6C6B /* RXRequstHtmlViewController.h */,
				6C29B37A1E209DDA009F6C6B /* RXRequstHtmlViewController.m */,
				6C29B37C1E209DF0009F6C6B /* RXJSToHtmlViewController.h */,
				6C29B37D1E209DF0009F6C6B /* RXJSToHtmlViewController.m */,
				6CB356451E233469004460D6 /* RXJSToHtmlBlockViewController.h */,
				6CB356461E233469004460D6 /* RXJSToHtmlBlockViewController.m */,
				6C793F561E4D90E800525B33 /* RXWXWebJSViewController.h */,
				6C793F571E4D90E800525B33 /* RXWXWebJSViewController.m */,
				6C29B36B1E209D77009F6C6B /* Assets.xcassets */,
				6C29B36D1E209D77009F6C6B /* LaunchScreen.storyboard */,
				6C29B3701E209D77009F6C6B /* Info.plist */,
				6C29B35F1E209D77009F6C6B /* Supporting Files */,
			);
			path = RXJavaScriptDemo;
			sourceTree = "<group>";
		};
		6C29B35F1E209D77009F6C6B /* Supporting Files */ = {
			isa = PBXGroup;
			children = (
				6C29B3601E209D77009F6C6B /* main.m */,
			);
			name = "Supporting Files";
			sourceTree = "<group>";
		};
		6C29B3821E20A167009F6C6B /* Frameworks */ = {
			isa = PBXGroup;
			children = (
				6C793F591E4D910A00525B33 /* WebKit.framework */,
				6C29B3831E20A172009F6C6B /* JavaScriptCore.framework */,
			);
			name = Frameworks;
			sourceTree = "<group>";
		};
		6CB356491E233B64004460D6 /* HTML */ = {
			isa = PBXGroup;
			children = (
				6CB356521E233C56004460D6 /* RXJS1HTML.html */,
				6CB3564C1E233BEB004460D6 /* RXRequst.html */,
				6CB3564E1E233BF9004460D6 /* RXJSToHtml.html */,
				6CB356501E233C18004460D6 /* RXJSToHtmlBlock.html */,
				6C793F5D1E4DA04F00525B33 /* RXWXWebHtml.html */,
			);
			path = HTML;
			sourceTree = "<group>";
		};
/* End PBXGroup section */

/* Begin PBXNativeTarget section */
		6C29B35B1E209D77009F6C6B /* RXJavaScriptDemo */ = {
			isa = PBXNativeTarget;
			buildConfigurationList = 6C29B3731E209D77009F6C6B /* Build configuration list for PBXNativeTarget "RXJavaScriptDemo" */;
			buildPhases = (
				6C29B3581E209D77009F6C6B /* Sources */,
				6C29B3591E209D77009F6C6B /* Frameworks */,
				6C29B35A1E209D77009F6C6B /* Resources */,
			);
			buildRules = (
			);
			dependencies = (
			);
			name = RXJavaScriptDemo;
			productName = RXJavaScriptDemo;
			productReference = 6C29B35C1E209D77009F6C6B /* RXJavaScriptDemo.app */;
			productType = "com.apple.product-type.application";
		};
/* End PBXNativeTarget section */

/* Begin PBXProject section */
		6C29B3541E209D77009F6C6B /* Project object */ = {
			isa = PBXProject;
			attributes = {
				LastUpgradeCheck = 0730;
				ORGANIZATIONNAME = "https://github.com/srxboys";
				TargetAttributes = {
					6C29B35B1E209D77009F6C6B = {
						CreatedOnToolsVersion = 7.3.1;
						DevelopmentTeam = MLKY76PU29;
						ProvisioningStyle = Manual;
					};
				};
			};
			buildConfigurationList = 6C29B3571E209D77009F6C6B /* Build configuration list for PBXProject "RXJavaScriptDemo" */;
			compatibilityVersion = "Xcode 3.2";
			developmentRegion = English;
			hasScannedForEncodings = 0;
			knownRegions = (
				en,
				Base,
			);
			mainGroup = 6C29B3531E209D77009F6C6B;
			productRefGroup = 6C29B35D1E209D77009F6C6B /* Products */;
			projectDirPath = "";
			projectRoot = "";
			targets = (
				6C29B35B1E209D77009F6C6B /* RXJavaScriptDemo */,
			);
		};
/* End PBXProject section */

/* Begin PBXResourcesBuildPhase section */
		6C29B35A1E209D77009F6C6B /* Resources */ = {
			isa = PBXResourcesBuildPhase;
			buildActionMask = 2147483647;
			files = (
				6C29B36F1E209D77009F6C6B /* LaunchScreen.storyboard in Resources */,
				6C29B36C1E209D77009F6C6B /* Assets.xcassets in Resources */,
				6CB3564D1E233BEB004460D6 /* RXRequst.html in Resources */,
				6CB3564F1E233BF9004460D6 /* RXJSToHtml.html in Resources */,
				6C29B36A1E209D77009F6C6B /* Main.storyboard in Resources */,
				6CB356531E233C56004460D6 /* RXJS1HTML.html in Resources */,
				6CB356511E233C18004460D6 /* RXJSToHtmlBlock.html in Resources */,
				6C793F5E1E4DA04F00525B33 /* RXWXWebHtml.html in Resources */,
			);
			runOnlyForDeploymentPostprocessing = 0;
		};
/* End PBXResourcesBuildPhase section */

/* Begin PBXSourcesBuildPhase section */
		6C29B3581E209D77009F6C6B /* Sources */ = {
			isa = PBXSourcesBuildPhase;
			buildActionMask = 2147483647;
			files = (
				6C29B3671E209D77009F6C6B /* ViewController.m in Sources */,
				6C793F581E4D90E800525B33 /* RXWXWebJSViewController.m in Sources */,
				6C29B37E1E209DF0009F6C6B /* RXJSToHtmlViewController.m in Sources */,
				6C29B3641E209D77009F6C6B /* AppDelegate.m in Sources */,
				6CB356471E233469004460D6 /* RXJSToHtmlBlockViewController.m in Sources */,
				6C29B3611E209D77009F6C6B /* main.m in Sources */,
				6C29B3781E209DAB009F6C6B /* RXJS1ViewController.m in Sources */,
				6C29B37B1E209DDA009F6C6B /* RXRequstHtmlViewController.m in Sources */,
				6C29B3811E209E1C009F6C6B /* RXWebViewController.m in Sources */,
			);
			runOnlyForDeploymentPostprocessing = 0;
		};
/* End PBXSourcesBuildPhase section */

/* Begin PBXVariantGroup section */
		6C29B3681E209D77009F6C6B /* Main.storyboard */ = {
			isa = PBXVariantGroup;
			children = (
				6C29B3691E209D77009F6C6B /* Base */,
			);
			name = Main.storyboard;
			sourceTree = "<group>";
		};
		6C29B36D1E209D77009F6C6B /* LaunchScreen.storyboard */ = {
			isa = PBXVariantGroup;
			children = (
				6C29B36E1E209D77009F6C6B /* Base */,
			);
			name = LaunchScreen.storyboard;
			sourceTree = "<group>";
		};
/* End PBXVariantGroup section */

/* Begin XCBuildConfiguration section */
		6C29B3711E209D77009F6C6B /* Debug */ = {
			isa = XCBuildConfiguration;
			buildSettings = {
				ALWAYS_SEARCH_USER_PATHS = NO;
				CLANG_ANALYZER_NONNULL = YES;
				CLANG_CXX_LANGUAGE_STANDARD = "gnu++0x";
				CLANG_CXX_LIBRARY = "libc++";
				CLANG_ENABLE_MODULES = YES;
				CLANG_ENABLE_OBJC_ARC = YES;
				CLANG_WARN_BOOL_CONVERSION = YES;
				CLANG_WARN_CONSTANT_CONVERSION = YES;
				CLANG_WARN_DIRECT_OBJC_ISA_USAGE = YES_ERROR;
				CLANG_WARN_EMPTY_BODY = YES;
				CLANG_WARN_ENUM_CONVERSION = YES;
				CLANG_WARN_INT_CONVERSION = YES;
				CLANG_WARN_OBJC_ROOT_CLASS = YES_ERROR;
				CLANG_WARN_UNREACHABLE_CODE = YES;
				CLANG_WARN__DUPLICATE_METHOD_MATCH = YES;
				"CODE_SIGN_IDENTITY[sdk=iphoneos*]" = "iPhone Developer";
				COPY_PHASE_STRIP = NO;
				DEBUG_INFORMATION_FORMAT = dwarf;
				ENABLE_STRICT_OBJC_MSGSEND = YES;
				ENABLE_TESTABILITY = YES;
				GCC_C_LANGUAGE_STANDARD = gnu99;
				GCC_DYNAMIC_NO_PIC = NO;
				GCC_NO_COMMON_BLOCKS = YES;
				GCC_OPTIMIZATION_LEVEL = 0;
				GCC_PREPROCESSOR_DEFINITIONS = (
					"DEBUG=1",
					"$(inherited)",
				);
				GCC_WARN_64_TO_32_BIT_CONVERSION = YES;
				GCC_WARN_ABOUT_RETURN_TYPE = YES_ERROR;
				GCC_WARN_UNDECLARED_SELECTOR = YES;
				GCC_WARN_UNINITIALIZED_AUTOS = YES_AGGRESSIVE;
				GCC_WARN_UNUSED_FUNCTION = YES;
				GCC_WARN_UNUSED_VARIABLE = YES;
				IPHONEOS_DEPLOYMENT_TARGET = 9.3;
				MTL_ENABLE_DEBUG_INFO = YES;
				ONLY_ACTIVE_ARCH = YES;
				SDKROOT = iphoneos;
			};
			name = Debug;
		};
		6C29B3721E209D77009F6C6B /* Release */ = {
			isa = XCBuildConfiguration;
			buildSettings = {
				ALWAYS_SEARCH_USER_PATHS = NO;
				CLANG_ANALYZER_NONNULL = YES;
				CLANG_CXX_LANGUAGE_STANDARD = "gnu++0x";
				CLANG_CXX_LIBRARY = "libc++";
				CLANG_ENABLE_MODULES = YES;
				CLANG_ENABLE_OBJC_ARC = YES;
				CLANG_WARN_BOOL_CONVERSION = YES;
				CLANG_WARN_CONSTANT_CONVERSION = YES;
				CLANG_WARN_DIRECT_OBJC_ISA_USAGE = YES_ERROR;
				CLANG_WARN_EMPTY_BODY = YES;
				CLANG_WARN_ENUM_CONVERSION = YES;
				CLANG_WARN_INT_CONVERSION = YES;
				CLANG_WARN_OBJC_ROOT_CLASS = YES_ERROR;
				CLANG_WARN_UNREACHABLE_CODE = YES;
				CLANG_WARN__DUPLICATE_METHOD_MATCH = YES;
				"CODE_SIGN_IDENTITY[sdk=iphoneos*]" = "iPhone Developer";
				COPY_PHASE_STRIP = NO;
				DEBUG_INFORMATION_FORMAT = "dwarf-with-dsym";
				ENABLE_NS_ASSERTIONS = NO;
				ENABLE_STRICT_OBJC_MSGSEND = YES;
				GCC_C_LANGUAGE_STANDARD = gnu99;
				GCC_NO_COMMON_BLOCKS = YES;
				GCC_WARN_64_TO_32_BIT_CONVERSION = YES;
				GCC_WARN_ABOUT_RETURN_TYPE = YES_ERROR;
				GCC_WARN_UNDECLARED_SELECTOR = YES;
				GCC_WARN_UNINITIALIZED_AUTOS = YES_AGGRESSIVE;
				GCC_WARN_UNUSED_FUNCTION = YES;
				GCC_WARN_UNUSED_VARIABLE = YES;
				IPHONEOS_DEPLOYMENT_TARGET = 9.3;
				MTL_ENABLE_DEBUG_INFO = NO;
				SDKROOT = iphoneos;
				VALIDATE_PRODUCT = YES;
			};
			name = Release;
		};
		6C29B3741E209D77009F6C6B /* Debug */ = {
			isa = XCBuildConfiguration;
			buildSettings = {
				ASSETCATALOG_COMPILER_APPICON_NAME = AppIcon;
				DEVELOPMENT_TEAM = MLKY76PU29;
				INFOPLIST_FILE = RXJavaScriptDemo/Info.plist;
				LD_RUNPATH_SEARCH_PATHS = "$(inherited) @executable_path/Frameworks";
				PRODUCT_BUNDLE_IDENTIFIER = net.ghs.app.RXJavaScriptDemo;
				PRODUCT_NAME = "$(TARGET_NAME)";
				PROVISIONING_PROFILE = "528aa0c0-f569-4007-84d4-f5863b8ef1c0";
				PROVISIONING_PROFILE_SPECIFIER = "GHS2016apps-Develop";
			};
			name = Debug;
		};
		6C29B3751E209D77009F6C6B /* Release */ = {
			isa = XCBuildConfiguration;
			buildSettings = {
				ASSETCATALOG_COMPILER_APPICON_NAME = AppIcon;
				DEVELOPMENT_TEAM = MLKY76PU29;
				INFOPLIST_FILE = RXJavaScriptDemo/Info.plist;
				LD_RUNPATH_SEARCH_PATHS = "$(inherited) @executable_path/Frameworks";
				PRODUCT_BUNDLE_IDENTIFIER = net.ghs.app.RXJavaScriptDemo;
				PRODUCT_NAME = "$(TARGET_NAME)";
				PROVISIONING_PROFILE = "528aa0c0-f569-4007-84d4-f5863b8ef1c0";
				PROVISIONING_PROFILE_SPECIFIER = "GHS2016apps-Develop";
			};
			name = Release;
		};
/* End XCBuildConfiguration section */

/* Begin XCConfigurationList section */
		6C29B3571E209D77009F6C6B /* Build configuration list for PBXProject "RXJavaScriptDemo" */ = {
			isa = XCConfigurationList;
			buildConfigurations = (
				6C29B3711E209D77009F6C6B /* Debug */,
				6C29B3721E209D77009F6C6B /* Release */,
			);
			defaultConfigurationIsVisible = 0;
			defaultConfigurationName = Release;
		};
		6C29B3731E209D77009F6C6B /* Build configuration list for PBXNativeTarget "RXJavaScriptDemo" */ = {
			isa = XCConfigurationList;
			buildConfigurations = (
				6C29B3741E209D77009F6C6B /* Debug */,
				6C29B3751E209D77009F6C6B /* Release */,
			);
			defaultConfigurationIsVisible = 0;
			defaultConfigurationName = Release;
		};
/* End XCConfigurationList section */
	};
	rootObject = 6C29B3541E209D77009F6C6B /* Project object */;
}
